// !$*UTF8*$!
{
	archiveVersion = 1;
	classes = {
	};
	objectVersion = 56;
	objects = {

/* Begin PBXBuildFile section */
		73083B292A238F5900AC5D2D /* CarModel.xcdatamodeld in Sources */ = {isa = PBXBuildFile; fileRef = 73083B272A238F5900AC5D2D /* CarModel.xcdatamodeld */; };
		73083B2C2A23A00000AC5D2D /* MapModel.swift in Sources */ = {isa = PBXBuildFile; fileRef = 73083B2B2A23A00000AC5D2D /* MapModel.swift */; };
		73083B2E2A23E94700AC5D2D /* ImagesContainer.swift in Sources */ = {isa = PBXBuildFile; fileRef = 73083B2D2A23E94700AC5D2D /* ImagesContainer.swift */; };
		73083B302A23EA5600AC5D2D /* Car+Extension.swift in Sources */ = {isa = PBXBuildFile; fileRef = 73083B2F2A23EA5600AC5D2D /* Car+Extension.swift */; };
		73083B322A23EBED00AC5D2D /* ImagePicker.swift in Sources */ = {isa = PBXBuildFile; fileRef = 73083B312A23EBED00AC5D2D /* ImagePicker.swift */; };
		7331ECA12A17C10D00BC3903 /* DataController.swift in Sources */ = {isa = PBXBuildFile; fileRef = 7331ECA02A17C10D00BC3903 /* DataController.swift */; };
		7331ECA72A19664B00BC3903 /* EditExpenseView.swift in Sources */ = {isa = PBXBuildFile; fileRef = 7331ECA62A19664B00BC3903 /* EditExpenseView.swift */; };
		73334DD02A3F5207007101B7 /* CarModel.xcdatamodeld in Sources */ = {isa = PBXBuildFile; fileRef = 73083B272A238F5900AC5D2D /* CarModel.xcdatamodeld */; };
		73334DD12A3F520A007101B7 /* FileManager + Extension.swift in Sources */ = {isa = PBXBuildFile; fileRef = 73C9761B2A24B3B70072FA24 /* FileManager + Extension.swift */; };
		73334DD22A3F520D007101B7 /* DataController.swift in Sources */ = {isa = PBXBuildFile; fileRef = 7331ECA02A17C10D00BC3903 /* DataController.swift */; };
		73411BAE29C7A13C00A804C3 /* AddExpenseView.swift in Sources */ = {isa = PBXBuildFile; fileRef = 73411BAD29C7A13C00A804C3 /* AddExpenseView.swift */; };
		73826A1429C7534800F2DDB7 /* GasMonitorApp.swift in Sources */ = {isa = PBXBuildFile; fileRef = 73826A1329C7534800F2DDB7 /* GasMonitorApp.swift */; };
		73826A1829C7534A00F2DDB7 /* Assets.xcassets in Resources */ = {isa = PBXBuildFile; fileRef = 73826A1729C7534A00F2DDB7 /* Assets.xcassets */; };
		73826A1C29C7534A00F2DDB7 /* Preview Assets.xcassets in Resources */ = {isa = PBXBuildFile; fileRef = 73826A1B29C7534A00F2DDB7 /* Preview Assets.xcassets */; };
		73826A2829C754C000F2DDB7 /* Car.swift in Sources */ = {isa = PBXBuildFile; fileRef = 73826A2729C754C000F2DDB7 /* Car.swift */; };
		73826A2C29C759C300F2DDB7 /* cars.json in Resources */ = {isa = PBXBuildFile; fileRef = 73826A2B29C759C300F2DDB7 /* cars.json */; };
		73826A2E29C75C1100F2DDB7 /* DataService.swift in Sources */ = {isa = PBXBuildFile; fileRef = 73826A2D29C75C1100F2DDB7 /* DataService.swift */; };
		73826A3129C7603900F2DDB7 /* MainView.swift in Sources */ = {isa = PBXBuildFile; fileRef = 73826A3029C7603900F2DDB7 /* MainView.swift */; };
		73AF10262A3E338200E5A967 /* WidgetKit.framework in Frameworks */ = {isa = PBXBuildFile; fileRef = 73AF10252A3E338200E5A967 /* WidgetKit.framework */; };
		73AF10282A3E338200E5A967 /* SwiftUI.framework in Frameworks */ = {isa = PBXBuildFile; fileRef = 73AF10272A3E338200E5A967 /* SwiftUI.framework */; };
		73AF102B2A3E338200E5A967 /* MonthlyConsumptionWidgetBundle.swift in Sources */ = {isa = PBXBuildFile; fileRef = 73AF102A2A3E338200E5A967 /* MonthlyConsumptionWidgetBundle.swift */; };
		73AF102D2A3E338200E5A967 /* MonthlyConsumptionWidget.swift in Sources */ = {isa = PBXBuildFile; fileRef = 73AF102C2A3E338200E5A967 /* MonthlyConsumptionWidget.swift */; };
		73AF102F2A3E338300E5A967 /* Assets.xcassets in Resources */ = {isa = PBXBuildFile; fileRef = 73AF102E2A3E338300E5A967 /* Assets.xcassets */; };
		73AF10332A3E338300E5A967 /* MonthlyConsumptionWidgetExtension.appex in Embed Foundation Extensions */ = {isa = PBXBuildFile; fileRef = 73AF10232A3E338200E5A967 /* MonthlyConsumptionWidgetExtension.appex */; settings = {ATTRIBUTES = (RemoveHeadersOnCopy, ); }; };
		73B3808C29C7633F00A50DE3 /* FleetListView.swift in Sources */ = {isa = PBXBuildFile; fileRef = 73B3808B29C7633F00A50DE3 /* FleetListView.swift */; };
		73B3808E29C7635000A50DE3 /* ConsumptionView.swift in Sources */ = {isa = PBXBuildFile; fileRef = 73B3808D29C7635000A50DE3 /* ConsumptionView.swift */; };
		73B3809029C7646A00A50DE3 /* CarModel.swift in Sources */ = {isa = PBXBuildFile; fileRef = 73B3808F29C7646A00A50DE3 /* CarModel.swift */; };
		73B3809229C7656F00A50DE3 /* CarDetailView.swift in Sources */ = {isa = PBXBuildFile; fileRef = 73B3809129C7656F00A50DE3 /* CarDetailView.swift */; };
		73C672D129D8AA6E0049A82B /* editCarView.swift in Sources */ = {isa = PBXBuildFile; fileRef = 73C672D029D8AA6E0049A82B /* editCarView.swift */; };
		73C9761C2A24B3B70072FA24 /* FileManager + Extension.swift in Sources */ = {isa = PBXBuildFile; fileRef = 73C9761B2A24B3B70072FA24 /* FileManager + Extension.swift */; };
		73FF53BB29CF63F3000871B1 /* NewCarView.swift in Sources */ = {isa = PBXBuildFile; fileRef = 73FF53BA29CF63F3000871B1 /* NewCarView.swift */; };
/* End PBXBuildFile section */

/* Begin PBXContainerItemProxy section */
		73AF10312A3E338300E5A967 /* PBXContainerItemProxy */ = {
			isa = PBXContainerItemProxy;
			containerPortal = 73826A0829C7534800F2DDB7 /* Project object */;
			proxyType = 1;
			remoteGlobalIDString = 73AF10222A3E338200E5A967;
			remoteInfo = MonthlyConsumptionWidgetExtension;
		};
/* End PBXContainerItemProxy section */

/* Begin PBXCopyFilesBuildPhase section */
		73AF10342A3E338300E5A967 /* Embed Foundation Extensions */ = {
			isa = PBXCopyFilesBuildPhase;
			buildActionMask = 2147483647;
			dstPath = "";
			dstSubfolderSpec = 13;
			files = (
				73AF10332A3E338300E5A967 /* MonthlyConsumptionWidgetExtension.appex in Embed Foundation Extensions */,
			);
			name = "Embed Foundation Extensions";
			runOnlyForDeploymentPostprocessing = 0;
		};
/* End PBXCopyFilesBuildPhase section */

/* Begin PBXFileReference section */
		73083B282A238F5900AC5D2D /* CarModel.xcdatamodel */ = {isa = PBXFileReference; lastKnownFileType = wrapper.xcdatamodel; path = CarModel.xcdatamodel; sourceTree = "<group>"; };
		73083B2A2A239FAF00AC5D2D /* Info.plist */ = {isa = PBXFileReference; lastKnownFileType = text.plist; path = Info.plist; sourceTree = "<group>"; };
		73083B2B2A23A00000AC5D2D /* MapModel.swift */ = {isa = PBXFileReference; lastKnownFileType = sourcecode.swift; path = MapModel.swift; sourceTree = "<group>"; };
		73083B2D2A23E94700AC5D2D /* ImagesContainer.swift */ = {isa = PBXFileReference; lastKnownFileType = sourcecode.swift; path = ImagesContainer.swift; sourceTree = "<group>"; };
		73083B2F2A23EA5600AC5D2D /* Car+Extension.swift */ = {isa = PBXFileReference; lastKnownFileType = sourcecode.swift; path = "Car+Extension.swift"; sourceTree = "<group>"; };
		73083B312A23EBED00AC5D2D /* ImagePicker.swift */ = {isa = PBXFileReference; lastKnownFileType = sourcecode.swift; path = ImagePicker.swift; sourceTree = "<group>"; };
		7331ECA02A17C10D00BC3903 /* DataController.swift */ = {isa = PBXFileReference; lastKnownFileType = sourcecode.swift; path = DataController.swift; sourceTree = "<group>"; };
		7331ECA62A19664B00BC3903 /* EditExpenseView.swift */ = {isa = PBXFileReference; lastKnownFileType = sourcecode.swift; path = EditExpenseView.swift; sourceTree = "<group>"; usesTabs = 0; };
		73334DD32A3F52FD007101B7 /* MonthlyConsumptionWidgetExtension.entitlements */ = {isa = PBXFileReference; lastKnownFileType = text.plist.entitlements; path = MonthlyConsumptionWidgetExtension.entitlements; sourceTree = "<group>"; };
		73411BAD29C7A13C00A804C3 /* AddExpenseView.swift */ = {isa = PBXFileReference; lastKnownFileType = sourcecode.swift; path = AddExpenseView.swift; sourceTree = "<group>"; };
		73826A1029C7534800F2DDB7 /* GasMonitor.app */ = {isa = PBXFileReference; explicitFileType = wrapper.application; includeInIndex = 0; path = GasMonitor.app; sourceTree = BUILT_PRODUCTS_DIR; };
		73826A1329C7534800F2DDB7 /* GasMonitorApp.swift */ = {isa = PBXFileReference; lastKnownFileType = sourcecode.swift; path = GasMonitorApp.swift; sourceTree = "<group>"; };
		73826A1729C7534A00F2DDB7 /* Assets.xcassets */ = {isa = PBXFileReference; lastKnownFileType = folder.assetcatalog; path = Assets.xcassets; sourceTree = "<group>"; };
		73826A1929C7534A00F2DDB7 /* GasMonitor.entitlements */ = {isa = PBXFileReference; lastKnownFileType = text.plist.entitlements; path = GasMonitor.entitlements; sourceTree = "<group>"; };
		73826A1B29C7534A00F2DDB7 /* Preview Assets.xcassets */ = {isa = PBXFileReference; lastKnownFileType = folder.assetcatalog; path = "Preview Assets.xcassets"; sourceTree = "<group>"; };
		73826A2729C754C000F2DDB7 /* Car.swift */ = {isa = PBXFileReference; lastKnownFileType = sourcecode.swift; path = Car.swift; sourceTree = "<group>"; };
		73826A2B29C759C300F2DDB7 /* cars.json */ = {isa = PBXFileReference; lastKnownFileType = text.json; path = cars.json; sourceTree = "<group>"; };
		73826A2D29C75C1100F2DDB7 /* DataService.swift */ = {isa = PBXFileReference; lastKnownFileType = sourcecode.swift; path = DataService.swift; sourceTree = "<group>"; };
		73826A3029C7603900F2DDB7 /* MainView.swift */ = {isa = PBXFileReference; lastKnownFileType = sourcecode.swift; path = MainView.swift; sourceTree = "<group>"; };
		73AF10232A3E338200E5A967 /* MonthlyConsumptionWidgetExtension.appex */ = {isa = PBXFileReference; explicitFileType = "wrapper.app-extension"; includeInIndex = 0; path = MonthlyConsumptionWidgetExtension.appex; sourceTree = BUILT_PRODUCTS_DIR; };
		73AF10252A3E338200E5A967 /* WidgetKit.framework */ = {isa = PBXFileReference; lastKnownFileType = wrapper.framework; name = WidgetKit.framework; path = System/Library/Frameworks/WidgetKit.framework; sourceTree = SDKROOT; };
		73AF10272A3E338200E5A967 /* SwiftUI.framework */ = {isa = PBXFileReference; lastKnownFileType = wrapper.framework; name = SwiftUI.framework; path = System/Library/Frameworks/SwiftUI.framework; sourceTree = SDKROOT; };
		73AF102A2A3E338200E5A967 /* MonthlyConsumptionWidgetBundle.swift */ = {isa = PBXFileReference; lastKnownFileType = sourcecode.swift; path = MonthlyConsumptionWidgetBundle.swift; sourceTree = "<group>"; };
		73AF102C2A3E338200E5A967 /* MonthlyConsumptionWidget.swift */ = {isa = PBXFileReference; lastKnownFileType = sourcecode.swift; path = MonthlyConsumptionWidget.swift; sourceTree = "<group>"; };
		73AF102E2A3E338300E5A967 /* Assets.xcassets */ = {isa = PBXFileReference; lastKnownFileType = folder.assetcatalog; path = Assets.xcassets; sourceTree = "<group>"; };
		73AF10302A3E338300E5A967 /* Info.plist */ = {isa = PBXFileReference; lastKnownFileType = text.plist.xml; path = Info.plist; sourceTree = "<group>"; };
		73B3808B29C7633F00A50DE3 /* FleetListView.swift */ = {isa = PBXFileReference; lastKnownFileType = sourcecode.swift; path = FleetListView.swift; sourceTree = "<group>"; };
		73B3808D29C7635000A50DE3 /* ConsumptionView.swift */ = {isa = PBXFileReference; lastKnownFileType = sourcecode.swift; path = ConsumptionView.swift; sourceTree = "<group>"; };
		73B3808F29C7646A00A50DE3 /* CarModel.swift */ = {isa = PBXFileReference; lastKnownFileType = sourcecode.swift; path = CarModel.swift; sourceTree = "<group>"; };
		73B3809129C7656F00A50DE3 /* CarDetailView.swift */ = {isa = PBXFileReference; lastKnownFileType = sourcecode.swift; path = CarDetailView.swift; sourceTree = "<group>"; };
		73C672D029D8AA6E0049A82B /* editCarView.swift */ = {isa = PBXFileReference; lastKnownFileType = sourcecode.swift; path = editCarView.swift; sourceTree = "<group>"; };
		73C9761B2A24B3B70072FA24 /* FileManager + Extension.swift */ = {isa = PBXFileReference; lastKnownFileType = sourcecode.swift; path = "FileManager + Extension.swift"; sourceTree = "<group>"; };
		73FF53BA29CF63F3000871B1 /* NewCarView.swift */ = {isa = PBXFileReference; lastKnownFileType = sourcecode.swift; path = NewCarView.swift; sourceTree = "<group>"; };
/* End PBXFileReference section */

/* Begin PBXFrameworksBuildPhase section */
		73826A0D29C7534800F2DDB7 /* Frameworks */ = {
			isa = PBXFrameworksBuildPhase;
			buildActionMask = 2147483647;
			files = (
			);
			runOnlyForDeploymentPostprocessing = 0;
		};
		73AF10202A3E338200E5A967 /* Frameworks */ = {
			isa = PBXFrameworksBuildPhase;
			buildActionMask = 2147483647;
			files = (
				73AF10282A3E338200E5A967 /* SwiftUI.framework in Frameworks */,
				73AF10262A3E338200E5A967 /* WidgetKit.framework in Frameworks */,
			);
			runOnlyForDeploymentPostprocessing = 0;
		};
/* End PBXFrameworksBuildPhase section */

/* Begin PBXGroup section */
		7331EC9C2A17BCA100BC3903 /* DataModel */ = {
			isa = PBXGroup;
			children = (
				73083B272A238F5900AC5D2D /* CarModel.xcdatamodeld */,
				73C9761B2A24B3B70072FA24 /* FileManager + Extension.swift */,
				73083B2F2A23EA5600AC5D2D /* Car+Extension.swift */,
				73083B2D2A23E94700AC5D2D /* ImagesContainer.swift */,
				73083B312A23EBED00AC5D2D /* ImagePicker.swift */,
				7331ECA02A17C10D00BC3903 /* DataController.swift */,
			);
			path = DataModel;
			sourceTree = "<group>";
		};
		73826A0729C7534800F2DDB7 = {
			isa = PBXGroup;
			children = (
				73334DD32A3F52FD007101B7 /* MonthlyConsumptionWidgetExtension.entitlements */,
				73826A1229C7534800F2DDB7 /* GasMonitor */,
				73AF10292A3E338200E5A967 /* MonthlyConsumptionWidget */,
				73AF10242A3E338200E5A967 /* Frameworks */,
				73826A1129C7534800F2DDB7 /* Products */,
			);
			sourceTree = "<group>";
		};
		73826A1129C7534800F2DDB7 /* Products */ = {
			isa = PBXGroup;
			children = (
				73826A1029C7534800F2DDB7 /* GasMonitor.app */,
				73AF10232A3E338200E5A967 /* MonthlyConsumptionWidgetExtension.appex */,
			);
			name = Products;
			sourceTree = "<group>";
		};
		73826A1229C7534800F2DDB7 /* GasMonitor */ = {
			isa = PBXGroup;
			children = (
				73083B2A2A239FAF00AC5D2D /* Info.plist */,
				73826A1329C7534800F2DDB7 /* GasMonitorApp.swift */,
				7331EC9C2A17BCA100BC3903 /* DataModel */,
				73826A2F29C75F3600F2DDB7 /* Shared */,
				73826A2629C7540400F2DDB7 /* Data */,
				73826A2529C753FF00F2DDB7 /* Services */,
				73826A2329C753E200F2DDB7 /* Views */,
				73826A2429C753EE00F2DDB7 /* ViewModels */,
				73826A2229C753D800F2DDB7 /* Models */,
				73826A1729C7534A00F2DDB7 /* Assets.xcassets */,
				73826A1929C7534A00F2DDB7 /* GasMonitor.entitlements */,
				73826A1A29C7534A00F2DDB7 /* Preview Content */,
			);
			path = GasMonitor;
			sourceTree = "<group>";
		};
		73826A1A29C7534A00F2DDB7 /* Preview Content */ = {
			isa = PBXGroup;
			children = (
				73826A1B29C7534A00F2DDB7 /* Preview Assets.xcassets */,
			);
			path = "Preview Content";
			sourceTree = "<group>";
		};
		73826A2229C753D800F2DDB7 /* Models */ = {
			isa = PBXGroup;
			children = (
				73826A2729C754C000F2DDB7 /* Car.swift */,
			);
			path = Models;
			sourceTree = "<group>";
		};
		73826A2329C753E200F2DDB7 /* Views */ = {
			isa = PBXGroup;
			children = (
				73826A3029C7603900F2DDB7 /* MainView.swift */,
				73B3808B29C7633F00A50DE3 /* FleetListView.swift */,
				73B3809129C7656F00A50DE3 /* CarDetailView.swift */,
				73B3808D29C7635000A50DE3 /* ConsumptionView.swift */,
				73411BAD29C7A13C00A804C3 /* AddExpenseView.swift */,
				73FF53BA29CF63F3000871B1 /* NewCarView.swift */,
				73C672D029D8AA6E0049A82B /* editCarView.swift */,
				7331ECA62A19664B00BC3903 /* EditExpenseView.swift */,
			);
			path = Views;
			sourceTree = "<group>";
		};
		73826A2429C753EE00F2DDB7 /* ViewModels */ = {
			isa = PBXGroup;
			children = (
				73B3808F29C7646A00A50DE3 /* CarModel.swift */,
			);
			path = ViewModels;
			sourceTree = "<group>";
		};
		73826A2529C753FF00F2DDB7 /* Services */ = {
			isa = PBXGroup;
			children = (
				73826A2D29C75C1100F2DDB7 /* DataService.swift */,
				73083B2B2A23A00000AC5D2D /* MapModel.swift */,
			);
			path = Services;
			sourceTree = "<group>";
		};
		73826A2629C7540400F2DDB7 /* Data */ = {
			isa = PBXGroup;
			children = (
				73826A2B29C759C300F2DDB7 /* cars.json */,
			);
			path = Data;
			sourceTree = "<group>";
		};
		73826A2F29C75F3600F2DDB7 /* Shared */ = {
			isa = PBXGroup;
			children = (
			);
			path = Shared;
			sourceTree = "<group>";
		};
		73AF10242A3E338200E5A967 /* Frameworks */ = {
			isa = PBXGroup;
			children = (
				73AF10252A3E338200E5A967 /* WidgetKit.framework */,
				73AF10272A3E338200E5A967 /* SwiftUI.framework */,
			);
			name = Frameworks;
			sourceTree = "<group>";
		};
		73AF10292A3E338200E5A967 /* MonthlyConsumptionWidget */ = {
			isa = PBXGroup;
			children = (
				73AF102A2A3E338200E5A967 /* MonthlyConsumptionWidgetBundle.swift */,
				73AF102C2A3E338200E5A967 /* MonthlyConsumptionWidget.swift */,
				73AF102E2A3E338300E5A967 /* Assets.xcassets */,
				73AF10302A3E338300E5A967 /* Info.plist */,
			);
			path = MonthlyConsumptionWidget;
			sourceTree = "<group>";
		};
/* End PBXGroup section */

/* Begin PBXNativeTarget section */
		73826A0F29C7534800F2DDB7 /* GasMonitor */ = {
			isa = PBXNativeTarget;
			buildConfigurationList = 73826A1F29C7534A00F2DDB7 /* Build configuration list for PBXNativeTarget "GasMonitor" */;
			buildPhases = (
				73826A0C29C7534800F2DDB7 /* Sources */,
				73826A0D29C7534800F2DDB7 /* Frameworks */,
				73826A0E29C7534800F2DDB7 /* Resources */,
				73AF10342A3E338300E5A967 /* Embed Foundation Extensions */,
			);
			buildRules = (
			);
			dependencies = (
				73AF10322A3E338300E5A967 /* PBXTargetDependency */,
			);
			name = GasMonitor;
			productName = GasMonitor;
			productReference = 73826A1029C7534800F2DDB7 /* GasMonitor.app */;
			productType = "com.apple.product-type.application";
		};
		73AF10222A3E338200E5A967 /* MonthlyConsumptionWidgetExtension */ = {
			isa = PBXNativeTarget;
			buildConfigurationList = 73AF10372A3E338300E5A967 /* Build configuration list for PBXNativeTarget "MonthlyConsumptionWidgetExtension" */;
			buildPhases = (
				73AF101F2A3E338200E5A967 /* Sources */,
				73AF10202A3E338200E5A967 /* Frameworks */,
				73AF10212A3E338200E5A967 /* Resources */,
			);
			buildRules = (
			);
			dependencies = (
			);
			name = MonthlyConsumptionWidgetExtension;
			productName = MonthlyConsumptionWidgetExtension;
			productReference = 73AF10232A3E338200E5A967 /* MonthlyConsumptionWidgetExtension.appex */;
			productType = "com.apple.product-type.app-extension";
		};
/* End PBXNativeTarget section */

/* Begin PBXProject section */
		73826A0829C7534800F2DDB7 /* Project object */ = {
			isa = PBXProject;
			attributes = {
				BuildIndependentTargetsInParallel = 1;
				LastSwiftUpdateCheck = 1430;
				LastUpgradeCheck = 1420;
				TargetAttributes = {
					73826A0F29C7534800F2DDB7 = {
						CreatedOnToolsVersion = 14.2;
					};
					73AF10222A3E338200E5A967 = {
						CreatedOnToolsVersion = 14.3;
					};
				};
			};
			buildConfigurationList = 73826A0B29C7534800F2DDB7 /* Build configuration list for PBXProject "GasMonitor" */;
			compatibilityVersion = "Xcode 14.0";
			developmentRegion = en;
			hasScannedForEncodings = 0;
			knownRegions = (
				en,
				Base,
			);
			mainGroup = 73826A0729C7534800F2DDB7;
			productRefGroup = 73826A1129C7534800F2DDB7 /* Products */;
			projectDirPath = "";
			projectRoot = "";
			targets = (
				73826A0F29C7534800F2DDB7 /* GasMonitor */,
				73AF10222A3E338200E5A967 /* MonthlyConsumptionWidgetExtension */,
			);
		};
/* End PBXProject section */

/* Begin PBXResourcesBuildPhase section */
		73826A0E29C7534800F2DDB7 /* Resources */ = {
			isa = PBXResourcesBuildPhase;
			buildActionMask = 2147483647;
			files = (
				73826A1C29C7534A00F2DDB7 /* Preview Assets.xcassets in Resources */,
				73826A2C29C759C300F2DDB7 /* cars.json in Resources */,
				73826A1829C7534A00F2DDB7 /* Assets.xcassets in Resources */,
			);
			runOnlyForDeploymentPostprocessing = 0;
		};
		73AF10212A3E338200E5A967 /* Resources */ = {
			isa = PBXResourcesBuildPhase;
			buildActionMask = 2147483647;
			files = (
				73AF102F2A3E338300E5A967 /* Assets.xcassets in Resources */,
			);
			runOnlyForDeploymentPostprocessing = 0;
		};
/* End PBXResourcesBuildPhase section */

/* Begin PBXSourcesBuildPhase section */
		73826A0C29C7534800F2DDB7 /* Sources */ = {
			isa = PBXSourcesBuildPhase;
			buildActionMask = 2147483647;
			files = (
				73083B292A238F5900AC5D2D /* CarModel.xcdatamodeld in Sources */,
				73083B2C2A23A00000AC5D2D /* MapModel.swift in Sources */,
				73411BAE29C7A13C00A804C3 /* AddExpenseView.swift in Sources */,
				73083B322A23EBED00AC5D2D /* ImagePicker.swift in Sources */,
				73826A1429C7534800F2DDB7 /* GasMonitorApp.swift in Sources */,
				73C672D129D8AA6E0049A82B /* editCarView.swift in Sources */,
				73FF53BB29CF63F3000871B1 /* NewCarView.swift in Sources */,
				73B3809029C7646A00A50DE3 /* CarModel.swift in Sources */,
				73B3809229C7656F00A50DE3 /* CarDetailView.swift in Sources */,
				73B3808C29C7633F00A50DE3 /* FleetListView.swift in Sources */,
				73083B2E2A23E94700AC5D2D /* ImagesContainer.swift in Sources */,
				73C9761C2A24B3B70072FA24 /* FileManager + Extension.swift in Sources */,
				73B3808E29C7635000A50DE3 /* ConsumptionView.swift in Sources */,
				73826A2829C754C000F2DDB7 /* Car.swift in Sources */,
				73826A3129C7603900F2DDB7 /* MainView.swift in Sources */,
				7331ECA72A19664B00BC3903 /* EditExpenseView.swift in Sources */,
				7331ECA12A17C10D00BC3903 /* DataController.swift in Sources */,
				73083B302A23EA5600AC5D2D /* Car+Extension.swift in Sources */,
				73826A2E29C75C1100F2DDB7 /* DataService.swift in Sources */,
			);
			runOnlyForDeploymentPostprocessing = 0;
		};
		73AF101F2A3E338200E5A967 /* Sources */ = {
			isa = PBXSourcesBuildPhase;
			buildActionMask = 2147483647;
			files = (
				73334DD22A3F520D007101B7 /* DataController.swift in Sources */,
				73334DD02A3F5207007101B7 /* CarModel.xcdatamodeld in Sources */,
				73AF102B2A3E338200E5A967 /* MonthlyConsumptionWidgetBundle.swift in Sources */,
				73AF102D2A3E338200E5A967 /* MonthlyConsumptionWidget.swift in Sources */,
				73334DD12A3F520A007101B7 /* FileManager + Extension.swift in Sources */,
			);
			runOnlyForDeploymentPostprocessing = 0;
		};
/* End PBXSourcesBuildPhase section */

/* Begin PBXTargetDependency section */
		73AF10322A3E338300E5A967 /* PBXTargetDependency */ = {
			isa = PBXTargetDependency;
			target = 73AF10222A3E338200E5A967 /* MonthlyConsumptionWidgetExtension */;
			targetProxy = 73AF10312A3E338300E5A967 /* PBXContainerItemProxy */;
		};
/* End PBXTargetDependency section */

/* Begin XCBuildConfiguration section */
		73826A1D29C7534A00F2DDB7 /* Debug */ = {
			isa = XCBuildConfiguration;
			buildSettings = {
				ALWAYS_SEARCH_USER_PATHS = NO;
				CLANG_ANALYZER_NONNULL = YES;
				CLANG_ANALYZER_NUMBER_OBJECT_CONVERSION = YES_AGGRESSIVE;
				CLANG_CXX_LANGUAGE_STANDARD = "gnu++20";
				CLANG_ENABLE_MODULES = YES;
				CLANG_ENABLE_OBJC_ARC = YES;
				CLANG_ENABLE_OBJC_WEAK = YES;
				CLANG_WARN_BLOCK_CAPTURE_AUTORELEASING = YES;
				CLANG_WARN_BOOL_CONVERSION = YES;
				CLANG_WARN_COMMA = YES;
				CLANG_WARN_CONSTANT_CONVERSION = YES;
				CLANG_WARN_DEPRECATED_OBJC_IMPLEMENTATIONS = YES;
				CLANG_WARN_DIRECT_OBJC_ISA_USAGE = YES_ERROR;
				CLANG_WARN_DOCUMENTATION_COMMENTS = YES;
				CLANG_WARN_EMPTY_BODY = YES;
				CLANG_WARN_ENUM_CONVERSION = YES;
				CLANG_WARN_INFINITE_RECURSION = YES;
				CLANG_WARN_INT_CONVERSION = YES;
				CLANG_WARN_NON_LITERAL_NULL_CONVERSION = YES;
				CLANG_WARN_OBJC_IMPLICIT_RETAIN_SELF = YES;
				CLANG_WARN_OBJC_LITERAL_CONVERSION = YES;
				CLANG_WARN_OBJC_ROOT_CLASS = YES_ERROR;
				CLANG_WARN_QUOTED_INCLUDE_IN_FRAMEWORK_HEADER = YES;
				CLANG_WARN_RANGE_LOOP_ANALYSIS = YES;
				CLANG_WARN_STRICT_PROTOTYPES = YES;
				CLANG_WARN_SUSPICIOUS_MOVE = YES;
				CLANG_WARN_UNGUARDED_AVAILABILITY = YES_AGGRESSIVE;
				CLANG_WARN_UNREACHABLE_CODE = YES;
				CLANG_WARN__DUPLICATE_METHOD_MATCH = YES;
				COPY_PHASE_STRIP = NO;
				DEBUG_INFORMATION_FORMAT = dwarf;
				ENABLE_STRICT_OBJC_MSGSEND = YES;
				ENABLE_TESTABILITY = YES;
				GCC_C_LANGUAGE_STANDARD = gnu11;
				GCC_DYNAMIC_NO_PIC = NO;
				GCC_NO_COMMON_BLOCKS = YES;
				GCC_OPTIMIZATION_LEVEL = 0;
				GCC_PREPROCESSOR_DEFINITIONS = (
					"DEBUG=1",
					"$(inherited)",
				);
				GCC_WARN_64_TO_32_BIT_CONVERSION = YES;
				GCC_WARN_ABOUT_RETURN_TYPE = YES_ERROR;
				GCC_WARN_UNDECLARED_SELECTOR = YES;
				GCC_WARN_UNINITIALIZED_AUTOS = YES_AGGRESSIVE;
				GCC_WARN_UNUSED_FUNCTION = YES;
				GCC_WARN_UNUSED_VARIABLE = YES;
				MTL_ENABLE_DEBUG_INFO = INCLUDE_SOURCE;
				MTL_FAST_MATH = YES;
				ONLY_ACTIVE_ARCH = YES;
				SWIFT_ACTIVE_COMPILATION_CONDITIONS = DEBUG;
				SWIFT_OPTIMIZATION_LEVEL = "-Onone";
			};
			name = Debug;
		};
		73826A1E29C7534A00F2DDB7 /* Release */ = {
			isa = XCBuildConfiguration;
			buildSettings = {
				ALWAYS_SEARCH_USER_PATHS = NO;
				CLANG_ANALYZER_NONNULL = YES;
				CLANG_ANALYZER_NUMBER_OBJECT_CONVERSION = YES_AGGRESSIVE;
				CLANG_CXX_LANGUAGE_STANDARD = "gnu++20";
				CLANG_ENABLE_MODULES = YES;
				CLANG_ENABLE_OBJC_ARC = YES;
				CLANG_ENABLE_OBJC_WEAK = YES;
				CLANG_WARN_BLOCK_CAPTURE_AUTORELEASING = YES;
				CLANG_WARN_BOOL_CONVERSION = YES;
				CLANG_WARN_COMMA = YES;
				CLANG_WARN_CONSTANT_CONVERSION = YES;
				CLANG_WARN_DEPRECATED_OBJC_IMPLEMENTATIONS = YES;
				CLANG_WARN_DIRECT_OBJC_ISA_USAGE = YES_ERROR;
				CLANG_WARN_DOCUMENTATION_COMMENTS = YES;
				CLANG_WARN_EMPTY_BODY = YES;
				CLANG_WARN_ENUM_CONVERSION = YES;
				CLANG_WARN_INFINITE_RECURSION = YES;
				CLANG_WARN_INT_CONVERSION = YES;
				CLANG_WARN_NON_LITERAL_NULL_CONVERSION = YES;
				CLANG_WARN_OBJC_IMPLICIT_RETAIN_SELF = YES;
				CLANG_WARN_OBJC_LITERAL_CONVERSION = YES;
				CLANG_WARN_OBJC_ROOT_CLASS = YES_ERROR;
				CLANG_WARN_QUOTED_INCLUDE_IN_FRAMEWORK_HEADER = YES;
				CLANG_WARN_RANGE_LOOP_ANALYSIS = YES;
				CLANG_WARN_STRICT_PROTOTYPES = YES;
				CLANG_WARN_SUSPICIOUS_MOVE = YES;
				CLANG_WARN_UNGUARDED_AVAILABILITY = YES_AGGRESSIVE;
				CLANG_WARN_UNREACHABLE_CODE = YES;
				CLANG_WARN__DUPLICATE_METHOD_MATCH = YES;
				COPY_PHASE_STRIP = NO;
				DEBUG_INFORMATION_FORMAT = "dwarf-with-dsym";
				ENABLE_NS_ASSERTIONS = NO;
				ENABLE_STRICT_OBJC_MSGSEND = YES;
				GCC_C_LANGUAGE_STANDARD = gnu11;
				GCC_NO_COMMON_BLOCKS = YES;
				GCC_WARN_64_TO_32_BIT_CONVERSION = YES;
				GCC_WARN_ABOUT_RETURN_TYPE = YES_ERROR;
				GCC_WARN_UNDECLARED_SELECTOR = YES;
				GCC_WARN_UNINITIALIZED_AUTOS = YES_AGGRESSIVE;
				GCC_WARN_UNUSED_FUNCTION = YES;
				GCC_WARN_UNUSED_VARIABLE = YES;
				MTL_ENABLE_DEBUG_INFO = NO;
				MTL_FAST_MATH = YES;
				SWIFT_COMPILATION_MODE = wholemodule;
				SWIFT_OPTIMIZATION_LEVEL = "-O";
			};
			name = Release;
		};
		73826A2029C7534A00F2DDB7 /* Debug */ = {
			isa = XCBuildConfiguration;
			buildSettings = {
				ALWAYS_EMBED_SWIFT_STANDARD_LIBRARIES = YES;
				ASSETCATALOG_COMPILER_APPICON_NAME = AppIcon;
				ASSETCATALOG_COMPILER_GLOBAL_ACCENT_COLOR_NAME = AccentColor;
				CODE_SIGN_ENTITLEMENTS = GasMonitor/GasMonitor.entitlements;
				CODE_SIGN_STYLE = Automatic;
				CURRENT_PROJECT_VERSION = 1;
				DEVELOPMENT_ASSET_PATHS = "\"GasMonitor/Preview Content\"";
				DEVELOPMENT_TEAM = 7YYBHQDSC4;
				ENABLE_HARDENED_RUNTIME = YES;
				"ENABLE_HARDENED_RUNTIME[sdk=macosx*]" = YES;
				ENABLE_PREVIEWS = YES;
				GENERATE_INFOPLIST_FILE = YES;
				INFOPLIST_FILE = GasMonitor/Info.plist;
				INFOPLIST_KEY_LSApplicationCategoryType = "public.app-category.finance";
				INFOPLIST_KEY_NSLocationWhenInUseUsageDescription = "Geolocation is needed to link a place to an expense";
				"INFOPLIST_KEY_UIApplicationSceneManifest_Generation[sdk=iphoneos*]" = YES;
				"INFOPLIST_KEY_UIApplicationSceneManifest_Generation[sdk=iphonesimulator*]" = YES;
				"INFOPLIST_KEY_UIApplicationSupportsIndirectInputEvents[sdk=iphoneos*]" = YES;
				"INFOPLIST_KEY_UIApplicationSupportsIndirectInputEvents[sdk=iphonesimulator*]" = YES;
				"INFOPLIST_KEY_UILaunchScreen_Generation[sdk=iphoneos*]" = YES;
				"INFOPLIST_KEY_UILaunchScreen_Generation[sdk=iphonesimulator*]" = YES;
				INFOPLIST_KEY_UIStatusBarStyle = "";
				"INFOPLIST_KEY_UIStatusBarStyle[sdk=iphoneos*]" = UIStatusBarStyleDefault;
				"INFOPLIST_KEY_UIStatusBarStyle[sdk=iphonesimulator*]" = UIStatusBarStyleDefault;
				INFOPLIST_KEY_UISupportedInterfaceOrientations = UIInterfaceOrientationPortrait;
				INFOPLIST_KEY_UISupportedInterfaceOrientations_iPad = "UIInterfaceOrientationLandscapeLeft UIInterfaceOrientationLandscapeRight UIInterfaceOrientationPortrait UIInterfaceOrientationPortraitUpsideDown";
				IPHONEOS_DEPLOYMENT_TARGET = 16.2;
				LD_RUNPATH_SEARCH_PATHS = "@executable_path/Frameworks";
				"LD_RUNPATH_SEARCH_PATHS[sdk=macosx*]" = "@executable_path/../Frameworks";
				MACOSX_DEPLOYMENT_TARGET = 13.1;
				MARKETING_VERSION = 1.0;
				PRODUCT_BUNDLE_IDENTIFIER = "Maxime-Boulanger.GasMonitor";
				PRODUCT_NAME = "$(TARGET_NAME)";
				SDKROOT = auto;
				SUPPORTED_PLATFORMS = "iphoneos iphonesimulator macosx";
				SWIFT_EMIT_LOC_STRINGS = YES;
				SWIFT_VERSION = 5.0;
				TARGETED_DEVICE_FAMILY = "1,2";
			};
			name = Debug;
		};
		73826A2129C7534A00F2DDB7 /* Release */ = {
			isa = XCBuildConfiguration;
			buildSettings = {
				ALWAYS_EMBED_SWIFT_STANDARD_LIBRARIES = YES;
				ASSETCATALOG_COMPILER_APPICON_NAME = AppIcon;
				ASSETCATALOG_COMPILER_GLOBAL_ACCENT_COLOR_NAME = AccentColor;
				CODE_SIGN_ENTITLEMENTS = GasMonitor/GasMonitor.entitlements;
				CODE_SIGN_STYLE = Automatic;
				CURRENT_PROJECT_VERSION = 1;
				DEVELOPMENT_ASSET_PATHS = "\"GasMonitor/Preview Content\"";
				DEVELOPMENT_TEAM = 7YYBHQDSC4;
				ENABLE_HARDENED_RUNTIME = YES;
				"ENABLE_HARDENED_RUNTIME[sdk=macosx*]" = YES;
				ENABLE_PREVIEWS = YES;
				GENERATE_INFOPLIST_FILE = YES;
				INFOPLIST_FILE = GasMonitor/Info.plist;
				INFOPLIST_KEY_LSApplicationCategoryType = "public.app-category.finance";
				INFOPLIST_KEY_NSLocationWhenInUseUsageDescription = "Geolocation is needed to link a place to an expense";
				"INFOPLIST_KEY_UIApplicationSceneManifest_Generation[sdk=iphoneos*]" = YES;
				"INFOPLIST_KEY_UIApplicationSceneManifest_Generation[sdk=iphonesimulator*]" = YES;
				"INFOPLIST_KEY_UIApplicationSupportsIndirectInputEvents[sdk=iphoneos*]" = YES;
				"INFOPLIST_KEY_UIApplicationSupportsIndirectInputEvents[sdk=iphonesimulator*]" = YES;
				"INFOPLIST_KEY_UILaunchScreen_Generation[sdk=iphoneos*]" = YES;
				"INFOPLIST_KEY_UILaunchScreen_Generation[sdk=iphonesimulator*]" = YES;
				INFOPLIST_KEY_UIStatusBarStyle = "";
				"INFOPLIST_KEY_UIStatusBarStyle[sdk=iphoneos*]" = UIStatusBarStyleDefault;
				"INFOPLIST_KEY_UIStatusBarStyle[sdk=iphonesimulator*]" = UIStatusBarStyleDefault;
				INFOPLIST_KEY_UISupportedInterfaceOrientations = UIInterfaceOrientationPortrait;
				INFOPLIST_KEY_UISupportedInterfaceOrientations_iPad = "UIInterfaceOrientationLandscapeLeft UIInterfaceOrientationLandscapeRight UIInterfaceOrientationPortrait UIInterfaceOrientationPortraitUpsideDown";
				IPHONEOS_DEPLOYMENT_TARGET = 16.2;
				LD_RUNPATH_SEARCH_PATHS = "@executable_path/Frameworks";
				"LD_RUNPATH_SEARCH_PATHS[sdk=macosx*]" = "@executable_path/../Frameworks";
				MACOSX_DEPLOYMENT_TARGET = 13.1;
				MARKETING_VERSION = 1.0;
				PRODUCT_BUNDLE_IDENTIFIER = "Maxime-Boulanger.GasMonitor";
				PRODUCT_NAME = "$(TARGET_NAME)";
				SDKROOT = auto;
				SUPPORTED_PLATFORMS = "iphoneos iphonesimulator macosx";
				SWIFT_EMIT_LOC_STRINGS = YES;
				SWIFT_VERSION = 5.0;
				TARGETED_DEVICE_FAMILY = "1,2";
			};
			name = Release;
		};
		73AF10352A3E338300E5A967 /* Debug */ = {
			isa = XCBuildConfiguration;
			buildSettings = {
				ASSETCATALOG_COMPILER_GLOBAL_ACCENT_COLOR_NAME = AccentColor;
				ASSETCATALOG_COMPILER_WIDGET_BACKGROUND_COLOR_NAME = WidgetBackground;
				CODE_SIGN_ENTITLEMENTS = MonthlyConsumptionWidgetExtension.entitlements;
				CODE_SIGN_STYLE = Automatic;
				CURRENT_PROJECT_VERSION = 1;
				DEVELOPMENT_TEAM = 7YYBHQDSC4;
				GENERATE_INFOPLIST_FILE = YES;
				INFOPLIST_FILE = MonthlyConsumptionWidget/Info.plist;
				INFOPLIST_KEY_CFBundleDisplayName = MonthlyConsumptionWidget;
				INFOPLIST_KEY_NSHumanReadableCopyright = "";
				IPHONEOS_DEPLOYMENT_TARGET = 16.4;
				LD_RUNPATH_SEARCH_PATHS = (
					"$(inherited)",
					"@executable_path/Frameworks",
					"@executable_path/../../Frameworks",
				);
				MARKETING_VERSION = 1.0;
				PRODUCT_BUNDLE_IDENTIFIER = "Maxime-Boulanger.GasMonitor.MonthlyConsumptionWidget";
				PRODUCT_NAME = "$(TARGET_NAME)";
				SDKROOT = iphoneos;
				SKIP_INSTALL = YES;
				SWIFT_EMIT_LOC_STRINGS = YES;
				SWIFT_VERSION = 5.0;
				TARGETED_DEVICE_FAMILY = "1,2";
			};
			name = Debug;
		};
		73AF10362A3E338300E5A967 /* Release */ = {
			isa = XCBuildConfiguration;
			buildSettings = {
				ASSETCATALOG_COMPILER_GLOBAL_ACCENT_COLOR_NAME = AccentColor;
				ASSETCATALOG_COMPILER_WIDGET_BACKGROUND_COLOR_NAME = WidgetBackground;
				CODE_SIGN_ENTITLEMENTS = MonthlyConsumptionWidgetExtension.entitlements;
				CODE_SIGN_STYLE = Automatic;
				CURRENT_PROJECT_VERSION = 1;
				DEVELOPMENT_TEAM = 7YYBHQDSC4;
				GENERATE_INFOPLIST_FILE = YES;
				INFOPLIST_FILE = MonthlyConsumptionWidget/Info.plist;
				INFOPLIST_KEY_CFBundleDisplayName = MonthlyConsumptionWidget;
				INFOPLIST_KEY_NSHumanReadableCopyright = "";
				IPHONEOS_DEPLOYMENT_TARGET = 16.4;
				LD_RUNPATH_SEARCH_PATHS = (
					"$(inherited)",
					"@executable_path/Frameworks",
					"@executable_path/../../Frameworks",
				);
				MARKETING_VERSION = 1.0;
				PRODUCT_BUNDLE_IDENTIFIER = "Maxime-Boulanger.GasMonitor.MonthlyConsumptionWidget";
				PRODUCT_NAME = "$(TARGET_NAME)";
				SDKROOT = iphoneos;
				SKIP_INSTALL = YES;
				SWIFT_EMIT_LOC_STRINGS = YES;
				SWIFT_VERSION = 5.0;
				TARGETED_DEVICE_FAMILY = "1,2";
				VALIDATE_PRODUCT = YES;
			};
			name = Release;
		};
/* End XCBuildConfiguration section */

/* Begin XCConfigurationList section */
		73826A0B29C7534800F2DDB7 /* Build configuration list for PBXProject "GasMonitor" */ = {
			isa = XCConfigurationList;
			buildConfigurations = (
				73826A1D29C7534A00F2DDB7 /* Debug */,
				73826A1E29C7534A00F2DDB7 /* Release */,
			);
			defaultConfigurationIsVisible = 0;
			defaultConfigurationName = Release;
		};
		73826A1F29C7534A00F2DDB7 /* Build configuration list for PBXNativeTarget "GasMonitor" */ = {
			isa = XCConfigurationList;
			buildConfigurations = (
				73826A2029C7534A00F2DDB7 /* Debug */,
				73826A2129C7534A00F2DDB7 /* Release */,
			);
			defaultConfigurationIsVisible = 0;
			defaultConfigurationName = Release;
		};
		73AF10372A3E338300E5A967 /* Build configuration list for PBXNativeTarget "MonthlyConsumptionWidgetExtension" */ = {
			isa = XCConfigurationList;
			buildConfigurations = (
				73AF10352A3E338300E5A967 /* Debug */,
				73AF10362A3E338300E5A967 /* Release */,
			);
			defaultConfigurationIsVisible = 0;
			defaultConfigurationName = Release;
		};
/* End XCConfigurationList section */

/* Begin XCVersionGroup section */
		73083B272A238F5900AC5D2D /* CarModel.xcdatamodeld */ = {
			isa = XCVersionGroup;
			children = (
				73083B282A238F5900AC5D2D /* CarModel.xcdatamodel */,
			);
			currentVersion = 73083B282A238F5900AC5D2D /* CarModel.xcdatamodel */;
			path = CarModel.xcdatamodeld;
			sourceTree = "<group>";
			versionGroupType = wrapper.xcdatamodel;
		};
/* End XCVersionGroup section */
	};
	rootObject = 73826A0829C7534800F2DDB7 /* Project object */;
}
